// !$*UTF8*$!
{
	archiveVersion = 1;
	classes = {
	};
	objectVersion = 77;
	objects = {

/* Begin PBXBuildFile section */
		E508448B2ECD03B100BEB371 /* FirebaseAI in Frameworks */ = {isa = PBXBuildFile; productRef = E508448A2ECD03B100BEB371 /* FirebaseAI */; };
		E508448D2ECD03B100BEB371 /* FirebaseAILogic in Frameworks */ = {isa = PBXBuildFile; productRef = E508448C2ECD03B100BEB371 /* FirebaseAILogic */; };
		E508448F2ECD03B100BEB371 /* FirebaseAnalytics in Frameworks */ = {isa = PBXBuildFile; productRef = E508448E2ECD03B100BEB371 /* FirebaseAnalytics */; };
		E50844912ECD03B100BEB371 /* FirebaseAnalyticsCore in Frameworks */ = {isa = PBXBuildFile; productRef = E50844902ECD03B100BEB371 /* FirebaseAnalyticsCore */; };
		E50844932ECD03B100BEB371 /* FirebaseAnalyticsIdentitySupport in Frameworks */ = {isa = PBXBuildFile; productRef = E50844922ECD03B100BEB371 /* FirebaseAnalyticsIdentitySupport */; };
		E50844952ECD03B100BEB371 /* FirebaseAppCheck in Frameworks */ = {isa = PBXBuildFile; productRef = E50844942ECD03B100BEB371 /* FirebaseAppCheck */; };
		E50844972ECD03B100BEB371 /* FirebaseAppDistribution-Beta in Frameworks */ = {isa = PBXBuildFile; productRef = E50844962ECD03B100BEB371 /* FirebaseAppDistribution-Beta */; };
		E50844992ECD03B100BEB371 /* FirebaseAuth in Frameworks */ = {isa = PBXBuildFile; productRef = E50844982ECD03B100BEB371 /* FirebaseAuth */; };
		E508449B2ECD03B100BEB371 /* FirebaseAuthCombine-Community in Frameworks */ = {isa = PBXBuildFile; productRef = E508449A2ECD03B100BEB371 /* FirebaseAuthCombine-Community */; };
		E508449D2ECD03B100BEB371 /* FirebaseCore in Frameworks */ = {isa = PBXBuildFile; productRef = E508449C2ECD03B100BEB371 /* FirebaseCore */; };
		E508449F2ECD03B100BEB371 /* FirebaseCrashlytics in Frameworks */ = {isa = PBXBuildFile; productRef = E508449E2ECD03B100BEB371 /* FirebaseCrashlytics */; };
		E50844A12ECD03B100BEB371 /* FirebaseDatabase in Frameworks */ = {isa = PBXBuildFile; productRef = E50844A02ECD03B100BEB371 /* FirebaseDatabase */; };
		E50844A32ECD03B100BEB371 /* FirebaseFirestore in Frameworks */ = {isa = PBXBuildFile; productRef = E50844A22ECD03B100BEB371 /* FirebaseFirestore */; };
		E50844A52ECD03B100BEB371 /* FirebaseFirestoreCombine-Community in Frameworks */ = {isa = PBXBuildFile; productRef = E50844A42ECD03B100BEB371 /* FirebaseFirestoreCombine-Community */; };
		E50844A72ECD03B100BEB371 /* FirebaseFunctions in Frameworks */ = {isa = PBXBuildFile; productRef = E50844A62ECD03B100BEB371 /* FirebaseFunctions */; };
		E50844A92ECD03B100BEB371 /* FirebaseFunctionsCombine-Community in Frameworks */ = {isa = PBXBuildFile; productRef = E50844A82ECD03B100BEB371 /* FirebaseFunctionsCombine-Community */; };
		E50844AB2ECD03B100BEB371 /* FirebaseInAppMessaging-Beta in Frameworks */ = {isa = PBXBuildFile; productRef = E50844AA2ECD03B100BEB371 /* FirebaseInAppMessaging-Beta */; };
		E50844AD2ECD03B100BEB371 /* FirebaseInstallations in Frameworks */ = {isa = PBXBuildFile; productRef = E50844AC2ECD03B100BEB371 /* FirebaseInstallations */; };
		E50844AF2ECD03B100BEB371 /* FirebaseMLModelDownloader in Frameworks */ = {isa = PBXBuildFile; productRef = E50844AE2ECD03B100BEB371 /* FirebaseMLModelDownloader */; };
		E50844B12ECD03B100BEB371 /* FirebaseMessaging in Frameworks */ = {isa = PBXBuildFile; productRef = E50844B02ECD03B100BEB371 /* FirebaseMessaging */; };
		E50844B32ECD03B100BEB371 /* FirebasePerformance in Frameworks */ = {isa = PBXBuildFile; productRef = E50844B22ECD03B100BEB371 /* FirebasePerformance */; };
		E50844B52ECD03B100BEB371 /* FirebaseRemoteConfig in Frameworks */ = {isa = PBXBuildFile; productRef = E50844B42ECD03B100BEB371 /* FirebaseRemoteConfig */; };
		E50844B72ECD03B100BEB371 /* FirebaseStorage in Frameworks */ = {isa = PBXBuildFile; productRef = E50844B62ECD03B100BEB371 /* FirebaseStorage */; };
		E50844B92ECD03B100BEB371 /* FirebaseStorageCombine-Community in Frameworks */ = {isa = PBXBuildFile; productRef = E50844B82ECD03B100BEB371 /* FirebaseStorageCombine-Community */; };
/* End PBXBuildFile section */

/* Begin PBXContainerItemProxy section */
		E51969032ECC26E900351460 /* PBXContainerItemProxy */ = {
			isa = PBXContainerItemProxy;
			containerPortal = E51968ED2ECC26E800351460 /* Project object */;
			proxyType = 1;
			remoteGlobalIDString = E51968F42ECC26E800351460;
			remoteInfo = Cubstart;
		};
		E519690D2ECC26E900351460 /* PBXContainerItemProxy */ = {
			isa = PBXContainerItemProxy;
			containerPortal = E51968ED2ECC26E800351460 /* Project object */;
			proxyType = 1;
			remoteGlobalIDString = E51968F42ECC26E800351460;
			remoteInfo = Cubstart;
		};
/* End PBXContainerItemProxy section */

/* Begin PBXFileReference section */
		E51968F52ECC26E800351460 /* Cubstart.app */ = {isa = PBXFileReference; explicitFileType = wrapper.application; includeInIndex = 0; path = Cubstart.app; sourceTree = BUILT_PRODUCTS_DIR; };
		E51969022ECC26E900351460 /* CubstartTests.xctest */ = {isa = PBXFileReference; explicitFileType = wrapper.cfbundle; includeInIndex = 0; path = CubstartTests.xctest; sourceTree = BUILT_PRODUCTS_DIR; };
		E519690C2ECC26E900351460 /* CubstartUITests.xctest */ = {isa = PBXFileReference; explicitFileType = wrapper.cfbundle; includeInIndex = 0; path = CubstartUITests.xctest; sourceTree = BUILT_PRODUCTS_DIR; };
/* End PBXFileReference section */

/* Begin PBXFileSystemSynchronizedRootGroup section */
		E51968F72ECC26E800351460 /* Cubstart */ = {
			isa = PBXFileSystemSynchronizedRootGroup;
			path = Cubstart;
			sourceTree = "<group>";
		};
		E51969052ECC26E900351460 /* CubstartTests */ = {
			isa = PBXFileSystemSynchronizedRootGroup;
			path = CubstartTests;
			sourceTree = "<group>";
		};
		E519690F2ECC26E900351460 /* CubstartUITests */ = {
			isa = PBXFileSystemSynchronizedRootGroup;
			path = CubstartUITests;
			sourceTree = "<group>";
		};
/* End PBXFileSystemSynchronizedRootGroup section */

/* Begin PBXFrameworksBuildPhase section */
		E51968F22ECC26E800351460 /* Frameworks */ = {
			isa = PBXFrameworksBuildPhase;
			buildActionMask = 2147483647;
			files = (
				E50844972ECD03B100BEB371 /* FirebaseAppDistribution-Beta in Frameworks */,
				E50844A32ECD03B100BEB371 /* FirebaseFirestore in Frameworks */,
				E508449B2ECD03B100BEB371 /* FirebaseAuthCombine-Community in Frameworks */,
				E50844AD2ECD03B100BEB371 /* FirebaseInstallations in Frameworks */,
				E508448D2ECD03B100BEB371 /* FirebaseAILogic in Frameworks */,
				E50844932ECD03B100BEB371 /* FirebaseAnalyticsIdentitySupport in Frameworks */,
				E50844AB2ECD03B100BEB371 /* FirebaseInAppMessaging-Beta in Frameworks */,
				E508448B2ECD03B100BEB371 /* FirebaseAI in Frameworks */,
				E508449F2ECD03B100BEB371 /* FirebaseCrashlytics in Frameworks */,
				E50844A92ECD03B100BEB371 /* FirebaseFunctionsCombine-Community in Frameworks */,
				E50844B92ECD03B100BEB371 /* FirebaseStorageCombine-Community in Frameworks */,
				E50844A12ECD03B100BEB371 /* FirebaseDatabase in Frameworks */,
				E50844B72ECD03B100BEB371 /* FirebaseStorage in Frameworks */,
				E50844B52ECD03B100BEB371 /* FirebaseRemoteConfig in Frameworks */,
				E508448F2ECD03B100BEB371 /* FirebaseAnalytics in Frameworks */,
				E50844B12ECD03B100BEB371 /* FirebaseMessaging in Frameworks */,
				E50844AF2ECD03B100BEB371 /* FirebaseMLModelDownloader in Frameworks */,
				E50844B32ECD03B100BEB371 /* FirebasePerformance in Frameworks */,
				E508449D2ECD03B100BEB371 /* FirebaseCore in Frameworks */,
				E50844952ECD03B100BEB371 /* FirebaseAppCheck in Frameworks */,
				E50844912ECD03B100BEB371 /* FirebaseAnalyticsCore in Frameworks */,
				E50844A72ECD03B100BEB371 /* FirebaseFunctions in Frameworks */,
				E50844992ECD03B100BEB371 /* FirebaseAuth in Frameworks */,
				E50844A52ECD03B100BEB371 /* FirebaseFirestoreCombine-Community in Frameworks */,
			);
			runOnlyForDeploymentPostprocessing = 0;
		};
		E51968FF2ECC26E900351460 /* Frameworks */ = {
			isa = PBXFrameworksBuildPhase;
			buildActionMask = 2147483647;
			files = (
			);
			runOnlyForDeploymentPostprocessing = 0;
		};
		E51969092ECC26E900351460 /* Frameworks */ = {
			isa = PBXFrameworksBuildPhase;
			buildActionMask = 2147483647;
			files = (
			);
			runOnlyForDeploymentPostprocessing = 0;
		};
/* End PBXFrameworksBuildPhase section */

/* Begin PBXGroup section */
		E51968EC2ECC26E800351460 = {
			isa = PBXGroup;
			children = (
				E51968F72ECC26E800351460 /* Cubstart */,
				E51969052ECC26E900351460 /* CubstartTests */,
				E519690F2ECC26E900351460 /* CubstartUITests */,
				E51968F62ECC26E800351460 /* Products */,
			);
			sourceTree = "<group>";
		};
		E51968F62ECC26E800351460 /* Products */ = {
			isa = PBXGroup;
			children = (
				E51968F52ECC26E800351460 /* Cubstart.app */,
				E51969022ECC26E900351460 /* CubstartTests.xctest */,
				E519690C2ECC26E900351460 /* CubstartUITests.xctest */,
			);
			name = Products;
			sourceTree = "<group>";
		};
/* End PBXGroup section */

/* Begin PBXNativeTarget section */
		E51968F42ECC26E800351460 /* Cubstart */ = {
			isa = PBXNativeTarget;
			buildConfigurationList = E51969162ECC26E900351460 /* Build configuration list for PBXNativeTarget "Cubstart" */;
			buildPhases = (
				E51968F12ECC26E800351460 /* Sources */,
				E51968F22ECC26E800351460 /* Frameworks */,
				E51968F32ECC26E800351460 /* Resources */,
			);
			buildRules = (
			);
			dependencies = (
			);
			fileSystemSynchronizedGroups = (
				E51968F72ECC26E800351460 /* Cubstart */,
			);
			name = Cubstart;
			packageProductDependencies = (
				E508448A2ECD03B100BEB371 /* FirebaseAI */,
				E508448C2ECD03B100BEB371 /* FirebaseAILogic */,
				E508448E2ECD03B100BEB371 /* FirebaseAnalytics */,
				E50844902ECD03B100BEB371 /* FirebaseAnalyticsCore */,
				E50844922ECD03B100BEB371 /* FirebaseAnalyticsIdentitySupport */,
				E50844942ECD03B100BEB371 /* FirebaseAppCheck */,
				E50844962ECD03B100BEB371 /* FirebaseAppDistribution-Beta */,
				E50844982ECD03B100BEB371 /* FirebaseAuth */,
				E508449A2ECD03B100BEB371 /* FirebaseAuthCombine-Community */,
				E508449C2ECD03B100BEB371 /* FirebaseCore */,
				E508449E2ECD03B100BEB371 /* FirebaseCrashlytics */,
				E50844A02ECD03B100BEB371 /* FirebaseDatabase */,
				E50844A22ECD03B100BEB371 /* FirebaseFirestore */,
				E50844A42ECD03B100BEB371 /* FirebaseFirestoreCombine-Community */,
				E50844A62ECD03B100BEB371 /* FirebaseFunctions */,
				E50844A82ECD03B100BEB371 /* FirebaseFunctionsCombine-Community */,
				E50844AA2ECD03B100BEB371 /* FirebaseInAppMessaging-Beta */,
				E50844AC2ECD03B100BEB371 /* FirebaseInstallations */,
				E50844AE2ECD03B100BEB371 /* FirebaseMLModelDownloader */,
				E50844B02ECD03B100BEB371 /* FirebaseMessaging */,
				E50844B22ECD03B100BEB371 /* FirebasePerformance */,
				E50844B42ECD03B100BEB371 /* FirebaseRemoteConfig */,
				E50844B62ECD03B100BEB371 /* FirebaseStorage */,
				E50844B82ECD03B100BEB371 /* FirebaseStorageCombine-Community */,
			);
			productName = Cubstart;
			productReference = E51968F52ECC26E800351460 /* Cubstart.app */;
			productType = "com.apple.product-type.application";
		};
		E51969012ECC26E900351460 /* CubstartTests */ = {
			isa = PBXNativeTarget;
			buildConfigurationList = E51969192ECC26E900351460 /* Build configuration list for PBXNativeTarget "CubstartTests" */;
			buildPhases = (
				E51968FE2ECC26E900351460 /* Sources */,
				E51968FF2ECC26E900351460 /* Frameworks */,
				E51969002ECC26E900351460 /* Resources */,
			);
			buildRules = (
			);
			dependencies = (
				E51969042ECC26E900351460 /* PBXTargetDependency */,
			);
			fileSystemSynchronizedGroups = (
				E51969052ECC26E900351460 /* CubstartTests */,
			);
			name = CubstartTests;
			packageProductDependencies = (
			);
			productName = CubstartTests;
			productReference = E51969022ECC26E900351460 /* CubstartTests.xctest */;
			productType = "com.apple.product-type.bundle.unit-test";
		};
		E519690B2ECC26E900351460 /* CubstartUITests */ = {
			isa = PBXNativeTarget;
			buildConfigurationList = E519691C2ECC26E900351460 /* Build configuration list for PBXNativeTarget "CubstartUITests" */;
			buildPhases = (
				E51969082ECC26E900351460 /* Sources */,
				E51969092ECC26E900351460 /* Frameworks */,
				E519690A2ECC26E900351460 /* Resources */,
			);
			buildRules = (
			);
			dependencies = (
				E519690E2ECC26E900351460 /* PBXTargetDependency */,
			);
			fileSystemSynchronizedGroups = (
				E519690F2ECC26E900351460 /* CubstartUITests */,
			);
			name = CubstartUITests;
			packageProductDependencies = (
			);
			productName = CubstartUITests;
			productReference = E519690C2ECC26E900351460 /* CubstartUITests.xctest */;
			productType = "com.apple.product-type.bundle.ui-testing";
		};
/* End PBXNativeTarget section */

/* Begin PBXProject section */
		E51968ED2ECC26E800351460 /* Project object */ = {
			isa = PBXProject;
			attributes = {
				BuildIndependentTargetsInParallel = 1;
				LastSwiftUpdateCheck = 2600;
				LastUpgradeCheck = 2600;
				TargetAttributes = {
					E51968F42ECC26E800351460 = {
						CreatedOnToolsVersion = 26.0.1;
					};
					E51969012ECC26E900351460 = {
						CreatedOnToolsVersion = 26.0.1;
						TestTargetID = E51968F42ECC26E800351460;
					};
					E519690B2ECC26E900351460 = {
						CreatedOnToolsVersion = 26.0.1;
						TestTargetID = E51968F42ECC26E800351460;
					};
				};
			};
			buildConfigurationList = E51968F02ECC26E800351460 /* Build configuration list for PBXProject "Cubstart" */;
			developmentRegion = en;
			hasScannedForEncodings = 0;
			knownRegions = (
				en,
				Base,
			);
			mainGroup = E51968EC2ECC26E800351460;
			minimizedProjectReferenceProxies = 1;
			packageReferences = (
				E50844892ECD03B100BEB371 /* XCRemoteSwiftPackageReference "firebase-ios-sdk" */,
			);
			preferredProjectObjectVersion = 77;
			productRefGroup = E51968F62ECC26E800351460 /* Products */;
			projectDirPath = "";
			projectRoot = "";
			targets = (
				E51968F42ECC26E800351460 /* Cubstart */,
				E51969012ECC26E900351460 /* CubstartTests */,
				E519690B2ECC26E900351460 /* CubstartUITests */,
			);
		};
/* End PBXProject section */

/* Begin PBXResourcesBuildPhase section */
		E51968F32ECC26E800351460 /* Resources */ = {
			isa = PBXResourcesBuildPhase;
			buildActionMask = 2147483647;
			files = (
			);
			runOnlyForDeploymentPostprocessing = 0;
		};
		E51969002ECC26E900351460 /* Resources */ = {
			isa = PBXResourcesBuildPhase;
			buildActionMask = 2147483647;
			files = (
			);
			runOnlyForDeploymentPostprocessing = 0;
		};
		E519690A2ECC26E900351460 /* Resources */ = {
			isa = PBXResourcesBuildPhase;
			buildActionMask = 2147483647;
			files = (
			);
			runOnlyForDeploymentPostprocessing = 0;
		};
/* End PBXResourcesBuildPhase section */

/* Begin PBXSourcesBuildPhase section */
		E51968F12ECC26E800351460 /* Sources */ = {
			isa = PBXSourcesBuildPhase;
			buildActionMask = 2147483647;
			files = (
			);
			runOnlyForDeploymentPostprocessing = 0;
		};
		E51968FE2ECC26E900351460 /* Sources */ = {
			isa = PBXSourcesBuildPhase;
			buildActionMask = 2147483647;
			files = (
			);
			runOnlyForDeploymentPostprocessing = 0;
		};
		E51969082ECC26E900351460 /* Sources */ = {
			isa = PBXSourcesBuildPhase;
			buildActionMask = 2147483647;
			files = (
			);
			runOnlyForDeploymentPostprocessing = 0;
		};
/* End PBXSourcesBuildPhase section */

/* Begin PBXTargetDependency section */
		E51969042ECC26E900351460 /* PBXTargetDependency */ = {
			isa = PBXTargetDependency;
			target = E51968F42ECC26E800351460 /* Cubstart */;
			targetProxy = E51969032ECC26E900351460 /* PBXContainerItemProxy */;
		};
		E519690E2ECC26E900351460 /* PBXTargetDependency */ = {
			isa = PBXTargetDependency;
			target = E51968F42ECC26E800351460 /* Cubstart */;
			targetProxy = E519690D2ECC26E900351460 /* PBXContainerItemProxy */;
		};
/* End PBXTargetDependency section */

/* Begin XCBuildConfiguration section */
		E51969142ECC26E900351460 /* Debug */ = {
			isa = XCBuildConfiguration;
			buildSettings = {
				ALWAYS_SEARCH_USER_PATHS = NO;
				ASSETCATALOG_COMPILER_GENERATE_SWIFT_ASSET_SYMBOL_EXTENSIONS = YES;
				CLANG_ANALYZER_NONNULL = YES;
				CLANG_ANALYZER_NUMBER_OBJECT_CONVERSION = YES_AGGRESSIVE;
				CLANG_CXX_LANGUAGE_STANDARD = "gnu++20";
				CLANG_ENABLE_MODULES = YES;
				CLANG_ENABLE_OBJC_ARC = YES;
				CLANG_ENABLE_OBJC_WEAK = YES;
				CLANG_WARN_BLOCK_CAPTURE_AUTORELEASING = YES;
				CLANG_WARN_BOOL_CONVERSION = YES;
				CLANG_WARN_COMMA = YES;
				CLANG_WARN_CONSTANT_CONVERSION = YES;
				CLANG_WARN_DEPRECATED_OBJC_IMPLEMENTATIONS = YES;
				CLANG_WARN_DIRECT_OBJC_ISA_USAGE = YES_ERROR;
				CLANG_WARN_DOCUMENTATION_COMMENTS = YES;
				CLANG_WARN_EMPTY_BODY = YES;
				CLANG_WARN_ENUM_CONVERSION = YES;
				CLANG_WARN_INFINITE_RECURSION = YES;
				CLANG_WARN_INT_CONVERSION = YES;
				CLANG_WARN_NON_LITERAL_NULL_CONVERSION = YES;
				CLANG_WARN_OBJC_IMPLICIT_RETAIN_SELF = YES;
				CLANG_WARN_OBJC_LITERAL_CONVERSION = YES;
				CLANG_WARN_OBJC_ROOT_CLASS = YES_ERROR;
				CLANG_WARN_QUOTED_INCLUDE_IN_FRAMEWORK_HEADER = YES;
				CLANG_WARN_RANGE_LOOP_ANALYSIS = YES;
				CLANG_WARN_STRICT_PROTOTYPES = YES;
				CLANG_WARN_SUSPICIOUS_MOVE = YES;
				CLANG_WARN_UNGUARDED_AVAILABILITY = YES_AGGRESSIVE;
				CLANG_WARN_UNREACHABLE_CODE = YES;
				CLANG_WARN__DUPLICATE_METHOD_MATCH = YES;
				COPY_PHASE_STRIP = NO;
				DEBUG_INFORMATION_FORMAT = dwarf;
				ENABLE_STRICT_OBJC_MSGSEND = YES;
				ENABLE_TESTABILITY = YES;
				ENABLE_USER_SCRIPT_SANDBOXING = YES;
				GCC_C_LANGUAGE_STANDARD = gnu17;
				GCC_DYNAMIC_NO_PIC = NO;
				GCC_NO_COMMON_BLOCKS = YES;
				GCC_OPTIMIZATION_LEVEL = 0;
				GCC_PREPROCESSOR_DEFINITIONS = (
					"DEBUG=1",
					"$(inherited)",
				);
				GCC_WARN_64_TO_32_BIT_CONVERSION = YES;
				GCC_WARN_ABOUT_RETURN_TYPE = YES_ERROR;
				GCC_WARN_UNDECLARED_SELECTOR = YES;
				GCC_WARN_UNINITIALIZED_AUTOS = YES_AGGRESSIVE;
				GCC_WARN_UNUSED_FUNCTION = YES;
				GCC_WARN_UNUSED_VARIABLE = YES;
				LOCALIZATION_PREFERS_STRING_CATALOGS = YES;
				MTL_ENABLE_DEBUG_INFO = INCLUDE_SOURCE;
				MTL_FAST_MATH = YES;
				ONLY_ACTIVE_ARCH = YES;
				SWIFT_ACTIVE_COMPILATION_CONDITIONS = "DEBUG $(inherited)";
				SWIFT_OPTIMIZATION_LEVEL = "-Onone";
			};
			name = Debug;
		};
		E51969152ECC26E900351460 /* Release */ = {
			isa = XCBuildConfiguration;
			buildSettings = {
				ALWAYS_SEARCH_USER_PATHS = NO;
				ASSETCATALOG_COMPILER_GENERATE_SWIFT_ASSET_SYMBOL_EXTENSIONS = YES;
				CLANG_ANALYZER_NONNULL = YES;
				CLANG_ANALYZER_NUMBER_OBJECT_CONVERSION = YES_AGGRESSIVE;
				CLANG_CXX_LANGUAGE_STANDARD = "gnu++20";
				CLANG_ENABLE_MODULES = YES;
				CLANG_ENABLE_OBJC_ARC = YES;
				CLANG_ENABLE_OBJC_WEAK = YES;
				CLANG_WARN_BLOCK_CAPTURE_AUTORELEASING = YES;
				CLANG_WARN_BOOL_CONVERSION = YES;
				CLANG_WARN_COMMA = YES;
				CLANG_WARN_CONSTANT_CONVERSION = YES;
				CLANG_WARN_DEPRECATED_OBJC_IMPLEMENTATIONS = YES;
				CLANG_WARN_DIRECT_OBJC_ISA_USAGE = YES_ERROR;
				CLANG_WARN_DOCUMENTATION_COMMENTS = YES;
				CLANG_WARN_EMPTY_BODY = YES;
				CLANG_WARN_ENUM_CONVERSION = YES;
				CLANG_WARN_INFINITE_RECURSION = YES;
				CLANG_WARN_INT_CONVERSION = YES;
				CLANG_WARN_NON_LITERAL_NULL_CONVERSION = YES;
				CLANG_WARN_OBJC_IMPLICIT_RETAIN_SELF = YES;
				CLANG_WARN_OBJC_LITERAL_CONVERSION = YES;
				CLANG_WARN_OBJC_ROOT_CLASS = YES_ERROR;
				CLANG_WARN_QUOTED_INCLUDE_IN_FRAMEWORK_HEADER = YES;
				CLANG_WARN_RANGE_LOOP_ANALYSIS = YES;
				CLANG_WARN_STRICT_PROTOTYPES = YES;
				CLANG_WARN_SUSPICIOUS_MOVE = YES;
				CLANG_WARN_UNGUARDED_AVAILABILITY = YES_AGGRESSIVE;
				CLANG_WARN_UNREACHABLE_CODE = YES;
				CLANG_WARN__DUPLICATE_METHOD_MATCH = YES;
				COPY_PHASE_STRIP = NO;
				DEBUG_INFORMATION_FORMAT = "dwarf-with-dsym";
				ENABLE_NS_ASSERTIONS = NO;
				ENABLE_STRICT_OBJC_MSGSEND = YES;
				ENABLE_USER_SCRIPT_SANDBOXING = YES;
				GCC_C_LANGUAGE_STANDARD = gnu17;
				GCC_NO_COMMON_BLOCKS = YES;
				GCC_WARN_64_TO_32_BIT_CONVERSION = YES;
				GCC_WARN_ABOUT_RETURN_TYPE = YES_ERROR;
				GCC_WARN_UNDECLARED_SELECTOR = YES;
				GCC_WARN_UNINITIALIZED_AUTOS = YES_AGGRESSIVE;
				GCC_WARN_UNUSED_FUNCTION = YES;
				GCC_WARN_UNUSED_VARIABLE = YES;
				LOCALIZATION_PREFERS_STRING_CATALOGS = YES;
				MTL_ENABLE_DEBUG_INFO = NO;
				MTL_FAST_MATH = YES;
				SWIFT_COMPILATION_MODE = wholemodule;
			};
			name = Release;
		};
		E51969172ECC26E900351460 /* Debug */ = {
			isa = XCBuildConfiguration;
			buildSettings = {
				ASSETCATALOG_COMPILER_APPICON_NAME = AppIcon;
				ASSETCATALOG_COMPILER_GLOBAL_ACCENT_COLOR_NAME = AccentColor;
				CODE_SIGN_STYLE = Automatic;
				CURRENT_PROJECT_VERSION = 1;
				ENABLE_APP_SANDBOX = YES;
				ENABLE_PREVIEWS = YES;
				ENABLE_USER_SELECTED_FILES = readonly;
				GENERATE_INFOPLIST_FILE = YES;
				"INFOPLIST_KEY_UIApplicationSceneManifest_Generation[sdk=iphoneos*]" = YES;
				"INFOPLIST_KEY_UIApplicationSceneManifest_Generation[sdk=iphonesimulator*]" = YES;
				"INFOPLIST_KEY_UIApplicationSupportsIndirectInputEvents[sdk=iphoneos*]" = YES;
				"INFOPLIST_KEY_UIApplicationSupportsIndirectInputEvents[sdk=iphonesimulator*]" = YES;
				"INFOPLIST_KEY_UILaunchScreen_Generation[sdk=iphoneos*]" = YES;
				"INFOPLIST_KEY_UILaunchScreen_Generation[sdk=iphonesimulator*]" = YES;
				"INFOPLIST_KEY_UIStatusBarStyle[sdk=iphoneos*]" = UIStatusBarStyleDefault;
				"INFOPLIST_KEY_UIStatusBarStyle[sdk=iphonesimulator*]" = UIStatusBarStyleDefault;
				INFOPLIST_KEY_UISupportedInterfaceOrientations_iPad = "UIInterfaceOrientationPortrait UIInterfaceOrientationPortraitUpsideDown UIInterfaceOrientationLandscapeLeft UIInterfaceOrientationLandscapeRight";
				INFOPLIST_KEY_UISupportedInterfaceOrientations_iPhone = "UIInterfaceOrientationPortrait UIInterfaceOrientationLandscapeLeft UIInterfaceOrientationLandscapeRight";
				IPHONEOS_DEPLOYMENT_TARGET = 26.0;
				LD_RUNPATH_SEARCH_PATHS = "@executable_path/Frameworks";
				"LD_RUNPATH_SEARCH_PATHS[sdk=macosx*]" = "@executable_path/../Frameworks";
				MACOSX_DEPLOYMENT_TARGET = 26.0;
				MARKETING_VERSION = 1.0;
				PRODUCT_BUNDLE_IDENTIFIER = com.WellBe.Cubstart;
				PRODUCT_NAME = "$(TARGET_NAME)";
				REGISTER_APP_GROUPS = YES;
				SDKROOT = auto;
				STRING_CATALOG_GENERATE_SYMBOLS = YES;
				SUPPORTED_PLATFORMS = "iphoneos iphonesimulator macosx xros xrsimulator";
				SWIFT_APPROACHABLE_CONCURRENCY = YES;
				SWIFT_DEFAULT_ACTOR_ISOLATION = MainActor;
				SWIFT_EMIT_LOC_STRINGS = YES;
				SWIFT_UPCOMING_FEATURE_MEMBER_IMPORT_VISIBILITY = YES;
				SWIFT_VERSION = 5.0;
				TARGETED_DEVICE_FAMILY = "1,2,7";
				XROS_DEPLOYMENT_TARGET = 26.0;
			};
			name = Debug;
		};
		E51969182ECC26E900351460 /* Release */ = {
			isa = XCBuildConfiguration;
			buildSettings = {
				ASSETCATALOG_COMPILER_APPICON_NAME = AppIcon;
				ASSETCATALOG_COMPILER_GLOBAL_ACCENT_COLOR_NAME = AccentColor;
				CODE_SIGN_STYLE = Automatic;
				CURRENT_PROJECT_VERSION = 1;
				ENABLE_APP_SANDBOX = YES;
				ENABLE_PREVIEWS = YES;
				ENABLE_USER_SELECTED_FILES = readonly;
				GENERATE_INFOPLIST_FILE = YES;
				"INFOPLIST_KEY_UIApplicationSceneManifest_Generation[sdk=iphoneos*]" = YES;
				"INFOPLIST_KEY_UIApplicationSceneManifest_Generation[sdk=iphonesimulator*]" = YES;
				"INFOPLIST_KEY_UIApplicationSupportsIndirectInputEvents[sdk=iphoneos*]" = YES;
				"INFOPLIST_KEY_UIApplicationSupportsIndirectInputEvents[sdk=iphonesimulator*]" = YES;
				"INFOPLIST_KEY_UILaunchScreen_Generation[sdk=iphoneos*]" = YES;
				"INFOPLIST_KEY_UILaunchScreen_Generation[sdk=iphonesimulator*]" = YES;
				"INFOPLIST_KEY_UIStatusBarStyle[sdk=iphoneos*]" = UIStatusBarStyleDefault;
				"INFOPLIST_KEY_UIStatusBarStyle[sdk=iphonesimulator*]" = UIStatusBarStyleDefault;
				INFOPLIST_KEY_UISupportedInterfaceOrientations_iPad = "UIInterfaceOrientationPortrait UIInterfaceOrientationPortraitUpsideDown UIInterfaceOrientationLandscapeLeft UIInterfaceOrientationLandscapeRight";
				INFOPLIST_KEY_UISupportedInterfaceOrientations_iPhone = "UIInterfaceOrientationPortrait UIInterfaceOrientationLandscapeLeft UIInterfaceOrientationLandscapeRight";
				IPHONEOS_DEPLOYMENT_TARGET = 26.0;
				LD_RUNPATH_SEARCH_PATHS = "@executable_path/Frameworks";
				"LD_RUNPATH_SEARCH_PATHS[sdk=macosx*]" = "@executable_path/../Frameworks";
				MACOSX_DEPLOYMENT_TARGET = 26.0;
				MARKETING_VERSION = 1.0;
				PRODUCT_BUNDLE_IDENTIFIER = com.WellBe.Cubstart;
				PRODUCT_NAME = "$(TARGET_NAME)";
				REGISTER_APP_GROUPS = YES;
				SDKROOT = auto;
				STRING_CATALOG_GENERATE_SYMBOLS = YES;
				SUPPORTED_PLATFORMS = "iphoneos iphonesimulator macosx xros xrsimulator";
				SWIFT_APPROACHABLE_CONCURRENCY = YES;
				SWIFT_DEFAULT_ACTOR_ISOLATION = MainActor;
				SWIFT_EMIT_LOC_STRINGS = YES;
				SWIFT_UPCOMING_FEATURE_MEMBER_IMPORT_VISIBILITY = YES;
				SWIFT_VERSION = 5.0;
				TARGETED_DEVICE_FAMILY = "1,2,7";
				XROS_DEPLOYMENT_TARGET = 26.0;
			};
			name = Release;
		};
		E519691A2ECC26E900351460 /* Debug */ = {
			isa = XCBuildConfiguration;
			buildSettings = {
				BUNDLE_LOADER = "$(TEST_HOST)";
				CODE_SIGN_STYLE = Automatic;
				CURRENT_PROJECT_VERSION = 1;
				GENERATE_INFOPLIST_FILE = YES;
				IPHONEOS_DEPLOYMENT_TARGET = 26.0;
				MACOSX_DEPLOYMENT_TARGET = 26.0;
				MARKETING_VERSION = 1.0;
				PRODUCT_BUNDLE_IDENTIFIER = com.WellBe.CubstartTests;
				PRODUCT_NAME = "$(TARGET_NAME)";
				SDKROOT = auto;
				STRING_CATALOG_GENERATE_SYMBOLS = NO;
				SUPPORTED_PLATFORMS = "iphoneos iphonesimulator macosx xros xrsimulator";
				SWIFT_APPROACHABLE_CONCURRENCY = YES;
				SWIFT_EMIT_LOC_STRINGS = NO;
				SWIFT_UPCOMING_FEATURE_MEMBER_IMPORT_VISIBILITY = YES;
				SWIFT_VERSION = 5.0;
				TARGETED_DEVICE_FAMILY = "1,2,7";
				TEST_HOST = "$(BUILT_PRODUCTS_DIR)/Cubstart.app/$(BUNDLE_EXECUTABLE_FOLDER_PATH)/Cubstart";
				XROS_DEPLOYMENT_TARGET = 26.0;
			};
			name = Debug;
		};
		E519691B2ECC26E900351460 /* Release */ = {
			isa = XCBuildConfiguration;
			buildSettings = {
				BUNDLE_LOADER = "$(TEST_HOST)";
				CODE_SIGN_STYLE = Automatic;
				CURRENT_PROJECT_VERSION = 1;
				GENERATE_INFOPLIST_FILE = YES;
				IPHONEOS_DEPLOYMENT_TARGET = 26.0;
				MACOSX_DEPLOYMENT_TARGET = 26.0;
				MARKETING_VERSION = 1.0;
				PRODUCT_BUNDLE_IDENTIFIER = com.WellBe.CubstartTests;
				PRODUCT_NAME = "$(TARGET_NAME)";
				SDKROOT = auto;
				STRING_CATALOG_GENERATE_SYMBOLS = NO;
				SUPPORTED_PLATFORMS = "iphoneos iphonesimulator macosx xros xrsimulator";
				SWIFT_APPROACHABLE_CONCURRENCY = YES;
				SWIFT_EMIT_LOC_STRINGS = NO;
				SWIFT_UPCOMING_FEATURE_MEMBER_IMPORT_VISIBILITY = YES;
				SWIFT_VERSION = 5.0;
				TARGETED_DEVICE_FAMILY = "1,2,7";
				TEST_HOST = "$(BUILT_PRODUCTS_DIR)/Cubstart.app/$(BUNDLE_EXECUTABLE_FOLDER_PATH)/Cubstart";
				XROS_DEPLOYMENT_TARGET = 26.0;
			};
			name = Release;
		};
		E519691D2ECC26E900351460 /* Debug */ = {
			isa = XCBuildConfiguration;
			buildSettings = {
				CODE_SIGN_STYLE = Automatic;
				CURRENT_PROJECT_VERSION = 1;
				GENERATE_INFOPLIST_FILE = YES;
				IPHONEOS_DEPLOYMENT_TARGET = 26.0;
				MACOSX_DEPLOYMENT_TARGET = 26.0;
				MARKETING_VERSION = 1.0;
				PRODUCT_BUNDLE_IDENTIFIER = com.WellBe.CubstartUITests;
				PRODUCT_NAME = "$(TARGET_NAME)";
				SDKROOT = auto;
				STRING_CATALOG_GENERATE_SYMBOLS = NO;
				SUPPORTED_PLATFORMS = "iphoneos iphonesimulator macosx xros xrsimulator";
				SWIFT_APPROACHABLE_CONCURRENCY = YES;
				SWIFT_EMIT_LOC_STRINGS = NO;
				SWIFT_UPCOMING_FEATURE_MEMBER_IMPORT_VISIBILITY = YES;
				SWIFT_VERSION = 5.0;
				TARGETED_DEVICE_FAMILY = "1,2,7";
				TEST_TARGET_NAME = Cubstart;
				XROS_DEPLOYMENT_TARGET = 26.0;
			};
			name = Debug;
		};
		E519691E2ECC26E900351460 /* Release */ = {
			isa = XCBuildConfiguration;
			buildSettings = {
				CODE_SIGN_STYLE = Automatic;
				CURRENT_PROJECT_VERSION = 1;
				GENERATE_INFOPLIST_FILE = YES;
				IPHONEOS_DEPLOYMENT_TARGET = 26.0;
				MACOSX_DEPLOYMENT_TARGET = 26.0;
				MARKETING_VERSION = 1.0;
				PRODUCT_BUNDLE_IDENTIFIER = com.WellBe.CubstartUITests;
				PRODUCT_NAME = "$(TARGET_NAME)";
				SDKROOT = auto;
				STRING_CATALOG_GENERATE_SYMBOLS = NO;
				SUPPORTED_PLATFORMS = "iphoneos iphonesimulator macosx xros xrsimulator";
				SWIFT_APPROACHABLE_CONCURRENCY = YES;
				SWIFT_EMIT_LOC_STRINGS = NO;
				SWIFT_UPCOMING_FEATURE_MEMBER_IMPORT_VISIBILITY = YES;
				SWIFT_VERSION = 5.0;
				TARGETED_DEVICE_FAMILY = "1,2,7";
				TEST_TARGET_NAME = Cubstart;
				XROS_DEPLOYMENT_TARGET = 26.0;
			};
			name = Release;
		};
/* End XCBuildConfiguration section */

/* Begin XCConfigurationList section */
		E51968F02ECC26E800351460 /* Build configuration list for PBXProject "Cubstart" */ = {
			isa = XCConfigurationList;
			buildConfigurations = (
				E51969142ECC26E900351460 /* Debug */,
				E51969152ECC26E900351460 /* Release */,
			);
			defaultConfigurationIsVisible = 0;
			defaultConfigurationName = Release;
		};
		E51969162ECC26E900351460 /* Build configuration list for PBXNativeTarget "Cubstart" */ = {
			isa = XCConfigurationList;
			buildConfigurations = (
				E51969172ECC26E900351460 /* Debug */,
				E51969182ECC26E900351460 /* Release */,
			);
			defaultConfigurationIsVisible = 0;
			defaultConfigurationName = Release;
		};
		E51969192ECC26E900351460 /* Build configuration list for PBXNativeTarget "CubstartTests" */ = {
			isa = XCConfigurationList;
			buildConfigurations = (
				E519691A2ECC26E900351460 /* Debug */,
				E519691B2ECC26E900351460 /* Release */,
			);
			defaultConfigurationIsVisible = 0;
			defaultConfigurationName = Release;
		};
		E519691C2ECC26E900351460 /* Build configuration list for PBXNativeTarget "CubstartUITests" */ = {
			isa = XCConfigurationList;
			buildConfigurations = (
				E519691D2ECC26E900351460 /* Debug */,
				E519691E2ECC26E900351460 /* Release */,
			);
			defaultConfigurationIsVisible = 0;
			defaultConfigurationName = Release;
		};
/* End XCConfigurationList section */

/* Begin XCRemoteSwiftPackageReference section */
		E50844892ECD03B100BEB371 /* XCRemoteSwiftPackageReference "firebase-ios-sdk" */ = {
			isa = XCRemoteSwiftPackageReference;
			repositoryURL = "https://github.com/firebase/firebase-ios-sdk.git";
			requirement = {
				kind = upToNextMajorVersion;
				minimumVersion = 12.6.0;
			};
		};
/* End XCRemoteSwiftPackageReference section */

/* Begin XCSwiftPackageProductDependency section */
		E508448A2ECD03B100BEB371 /* FirebaseAI */ = {
			isa = XCSwiftPackageProductDependency;
			package = E50844892ECD03B100BEB371 /* XCRemoteSwiftPackageReference "firebase-ios-sdk" */;
			productName = FirebaseAI;
		};
		E508448C2ECD03B100BEB371 /* FirebaseAILogic */ = {
			isa = XCSwiftPackageProductDependency;
			package = E50844892ECD03B100BEB371 /* XCRemoteSwiftPackageReference "firebase-ios-sdk" */;
			productName = FirebaseAILogic;
		};
		E508448E2ECD03B100BEB371 /* FirebaseAnalytics */ = {
			isa = XCSwiftPackageProductDependency;
			package = E50844892ECD03B100BEB371 /* XCRemoteSwiftPackageReference "firebase-ios-sdk" */;
			productName = FirebaseAnalytics;
		};
		E50844902ECD03B100BEB371 /* FirebaseAnalyticsCore */ = {
			isa = XCSwiftPackageProductDependency;
			package = E50844892ECD03B100BEB371 /* XCRemoteSwiftPackageReference "firebase-ios-sdk" */;
			productName = FirebaseAnalyticsCore;
		};
		E50844922ECD03B100BEB371 /* FirebaseAnalyticsIdentitySupport */ = {
			isa = XCSwiftPackageProductDependency;
			package = E50844892ECD03B100BEB371 /* XCRemoteSwiftPackageReference "firebase-ios-sdk" */;
			productName = FirebaseAnalyticsIdentitySupport;
		};
		E50844942ECD03B100BEB371 /* FirebaseAppCheck */ = {
			isa = XCSwiftPackageProductDependency;
			package = E50844892ECD03B100BEB371 /* XCRemoteSwiftPackageReference "firebase-ios-sdk" */;
			productName = FirebaseAppCheck;
		};
		E50844962ECD03B100BEB371 /* FirebaseAppDistribution-Beta */ = {
			isa = XCSwiftPackageProductDependency;
			package = E50844892ECD03B100BEB371 /* XCRemoteSwiftPackageReference "firebase-ios-sdk" */;
			productName = "FirebaseAppDistribution-Beta";
		};
		E50844982ECD03B100BEB371 /* FirebaseAuth */ = {
			isa = XCSwiftPackageProductDependency;
			package = E50844892ECD03B100BEB371 /* XCRemoteSwiftPackageReference "firebase-ios-sdk" */;
			productName = FirebaseAuth;
		};
		E508449A2ECD03B100BEB371 /* FirebaseAuthCombine-Community */ = {
			isa = XCSwiftPackageProductDependency;
			package = E50844892ECD03B100BEB371 /* XCRemoteSwiftPackageReference "firebase-ios-sdk" */;
			productName = "FirebaseAuthCombine-Community";
		};
		E508449C2ECD03B100BEB371 /* FirebaseCore */ = {
			isa = XCSwiftPackageProductDependency;
			package = E50844892ECD03B100BEB371 /* XCRemoteSwiftPackageReference "firebase-ios-sdk" */;
			productName = FirebaseCore;
		};
		E508449E2ECD03B100BEB371 /* FirebaseCrashlytics */ = {
			isa = XCSwiftPackageProductDependency;
			package = E50844892ECD03B100BEB371 /* XCRemoteSwiftPackageReference "firebase-ios-sdk" */;
			productName = FirebaseCrashlytics;
		};
		E50844A02ECD03B100BEB371 /* FirebaseDatabase */ = {
			isa = XCSwiftPackageProductDependency;
			package = E50844892ECD03B100BEB371 /* XCRemoteSwiftPackageReference "firebase-ios-sdk" */;
			productName = FirebaseDatabase;
		};
		E50844A22ECD03B100BEB371 /* FirebaseFirestore */ = {
			isa = XCSwiftPackageProductDependency;
			package = E50844892ECD03B100BEB371 /* XCRemoteSwiftPackageReference "firebase-ios-sdk" */;
			productName = FirebaseFirestore;
		};
		E50844A42ECD03B100BEB371 /* FirebaseFirestoreCombine-Community */ = {
			isa = XCSwiftPackageProductDependency;
			package = E50844892ECD03B100BEB371 /* XCRemoteSwiftPackageReference "firebase-ios-sdk" */;
			productName = "FirebaseFirestoreCombine-Community";
		};
		E50844A62ECD03B100BEB371 /* FirebaseFunctions */ = {
			isa = XCSwiftPackageProductDependency;
			package = E50844892ECD03B100BEB371 /* XCRemoteSwiftPackageReference "firebase-ios-sdk" */;
			productName = FirebaseFunctions;
		};
		E50844A82ECD03B100BEB371 /* FirebaseFunctionsCombine-Community */ = {
			isa = XCSwiftPackageProductDependency;
			package = E50844892ECD03B100BEB371 /* XCRemoteSwiftPackageReference "firebase-ios-sdk" */;
			productName = "FirebaseFunctionsCombine-Community";
		};
		E50844AA2ECD03B100BEB371 /* FirebaseInAppMessaging-Beta */ = {
			isa = XCSwiftPackageProductDependency;
			package = E50844892ECD03B100BEB371 /* XCRemoteSwiftPackageReference "firebase-ios-sdk" */;
			productName = "FirebaseInAppMessaging-Beta";
		};
		E50844AC2ECD03B100BEB371 /* FirebaseInstallations */ = {
			isa = XCSwiftPackageProductDependency;
			package = E50844892ECD03B100BEB371 /* XCRemoteSwiftPackageReference "firebase-ios-sdk" */;
			productName = FirebaseInstallations;
		};
		E50844AE2ECD03B100BEB371 /* FirebaseMLModelDownloader */ = {
			isa = XCSwiftPackageProductDependency;
			package = E50844892ECD03B100BEB371 /* XCRemoteSwiftPackageReference "firebase-ios-sdk" */;
			productName = FirebaseMLModelDownloader;
		};
		E50844B02ECD03B100BEB371 /* FirebaseMessaging */ = {
			isa = XCSwiftPackageProductDependency;
			package = E50844892ECD03B100BEB371 /* XCRemoteSwiftPackageReference "firebase-ios-sdk" */;
			productName = FirebaseMessaging;
		};
		E50844B22ECD03B100BEB371 /* FirebasePerformance */ = {
			isa = XCSwiftPackageProductDependency;
			package = E50844892ECD03B100BEB371 /* XCRemoteSwiftPackageReference "firebase-ios-sdk" */;
			productName = FirebasePerformance;
		};
		E50844B42ECD03B100BEB371 /* FirebaseRemoteConfig */ = {
			isa = XCSwiftPackageProductDependency;
			package = E50844892ECD03B100BEB371 /* XCRemoteSwiftPackageReference "firebase-ios-sdk" */;
			productName = FirebaseRemoteConfig;
		};
		E50844B62ECD03B100BEB371 /* FirebaseStorage */ = {
			isa = XCSwiftPackageProductDependency;
			package = E50844892ECD03B100BEB371 /* XCRemoteSwiftPackageReference "firebase-ios-sdk" */;
			productName = FirebaseStorage;
		};
		E50844B82ECD03B100BEB371 /* FirebaseStorageCombine-Community */ = {
			isa = XCSwiftPackageProductDependency;
			package = E50844892ECD03B100BEB371 /* XCRemoteSwiftPackageReference "firebase-ios-sdk" */;
			productName = "FirebaseStorageCombine-Community";
		};
/* End XCSwiftPackageProductDependency section */
	};
	rootObject = E51968ED2ECC26E800351460 /* Project object */;
}
